dependencies:
- name: vault
  repository: https://helm.releases.hashicorp.com
  version: 0.24.1
- name: keycloak
  repository: https://charts.bitnami.com/bitnami
  version: 17.2.0
digest: sha256:e7f6535bdbb0ffda866cd6d4985dc8f1eb9a469264b54165834b2f5ba0b52db9
generated: "2023-11-02T21:15:33.175780068+07:00"
